
Microsoft Visual Studio Solution File, Format Version 12.00
# Visual Studio Version 16
VisualStudioVersion = 16.0.30907.101
MinimumVisualStudioVersion = 10.0.40219.1
Project("{FAE04EC0-301F-11D3-BF4B-00C04F79EFBC}") = "task1", "task1\task1.csproj", "{DD3212F8-346B-427C-ADC3-D0D88D50B824}"
EndProject
Global
	GlobalSection(SolutionConfigurationPlatforms) = preSolution
		Debug|Any CPU = Debug|Any CPU
		Release|Any CPU = Release|Any CPU
	EndGlobalSection
	GlobalSection(ProjectConfigurationPlatforms) = postSolution
		{DD3212F8-346B-427C-ADC3-D0D88D50B824}.Debug|Any CPU.ActiveCfg = Debug|Any CPU
		{DD3212F8-346B-427C-ADC3-D0D88D50B824}.Debug|Any CPU.Build.0 = Debug|Any CPU
		{DD3212F8-346B-427C-ADC3-D0D88D50B824}.Release|Any CPU.ActiveCfg = Release|Any CPU
		{DD3212F8-346B-427C-ADC3-D0D88D50B824}.Release|Any CPU.Build.0 = Release|Any CPU
	EndGlobalSection
	GlobalSection(SolutionProperties) = preSolution
		HideSolutionNode = FALSE
	EndGlobalSection
	GlobalSection(ExtensibilityGlobals) = postSolution
		SolutionGuid = {2FFC8C83-2FBD-47BF-A020-8E84CAD06B48}
	EndGlobalSection
EndGlobal
